
Microsoft Visual Studio Solution File, Format Version 12.00
# Visual Studio Version 17
VisualStudioVersion = 17.12.35707.178
MinimumVisualStudioVersion = 10.0.40219.1
Project("{FAE04EC0-301F-11D3-BF4B-00C04F79EFBC}") = "CanThoTravel.Domain", "CanThoTravel.Domain\CanThoTravel.Domain.csproj", "{3DFD0BBE-95B1-C7C4-FAB5-7D44335562BA}"
EndProject
Project("{FAE04EC0-301F-11D3-BF4B-00C04F79EFBC}") = "CanThoTravel.Infrastructure", "CanThoTravel.Infrastructure\CanThoTravel.Infrastructure.csproj", "{A59D01D5-513A-1F8E-6B4D-B1BE8BEC8F93}"
EndProject
Project("{FAE04EC0-301F-11D3-BF4B-00C04F79EFBC}") = "CanThoTravel.Application", "CanThoTravel.Application\CanThoTravel.Application.csproj", "{4441DC16-FC2D-E1AA-8467-D1ACFD0346DC}"
EndProject
Project("{FAE04EC0-301F-11D3-BF4B-00C04F79EFBC}") = "CanThoTravel.API", "CanThoTravel.API\CanThoTravel.API.csproj", "{2C505A09-473E-CD37-9E33-0FE525E14666}"
EndProject
Global
	GlobalSection(SolutionConfigurationPlatforms) = preSolution
		Debug|Any CPU = Debug|Any CPU
		Release|Any CPU = Release|Any CPU
	EndGlobalSection
	GlobalSection(ProjectConfigurationPlatforms) = postSolution
		{3DFD0BBE-95B1-C7C4-FAB5-7D44335562BA}.Debug|Any CPU.ActiveCfg = Debug|Any CPU
		{3DFD0BBE-95B1-C7C4-FAB5-7D44335562BA}.Debug|Any CPU.Build.0 = Debug|Any CPU
		{3DFD0BBE-95B1-C7C4-FAB5-7D44335562BA}.Release|Any CPU.ActiveCfg = Release|Any CPU
		{3DFD0BBE-95B1-C7C4-FAB5-7D44335562BA}.Release|Any CPU.Build.0 = Release|Any CPU
		{A59D01D5-513A-1F8E-6B4D-B1BE8BEC8F93}.Debug|Any CPU.ActiveCfg = Debug|Any CPU
		{A59D01D5-513A-1F8E-6B4D-B1BE8BEC8F93}.Debug|Any CPU.Build.0 = Debug|Any CPU
		{A59D01D5-513A-1F8E-6B4D-B1BE8BEC8F93}.Release|Any CPU.ActiveCfg = Release|Any CPU
		{A59D01D5-513A-1F8E-6B4D-B1BE8BEC8F93}.Release|Any CPU.Build.0 = Release|Any CPU
		{4441DC16-FC2D-E1AA-8467-D1ACFD0346DC}.Debug|Any CPU.ActiveCfg = Debug|Any CPU
		{4441DC16-FC2D-E1AA-8467-D1ACFD0346DC}.Debug|Any CPU.Build.0 = Debug|Any CPU
		{4441DC16-FC2D-E1AA-8467-D1ACFD0346DC}.Release|Any CPU.ActiveCfg = Release|Any CPU
		{4441DC16-FC2D-E1AA-8467-D1ACFD0346DC}.Release|Any CPU.Build.0 = Release|Any CPU
		{2C505A09-473E-CD37-9E33-0FE525E14666}.Debug|Any CPU.ActiveCfg = Debug|Any CPU
		{2C505A09-473E-CD37-9E33-0FE525E14666}.Debug|Any CPU.Build.0 = Debug|Any CPU
		{2C505A09-473E-CD37-9E33-0FE525E14666}.Release|Any CPU.ActiveCfg = Release|Any CPU
		{2C505A09-473E-CD37-9E33-0FE525E14666}.Release|Any CPU.Build.0 = Release|Any CPU
	EndGlobalSection
	GlobalSection(SolutionProperties) = preSolution
		HideSolutionNode = FALSE
	EndGlobalSection
	GlobalSection(ExtensibilityGlobals) = postSolution
		SolutionGuid = {EAD11BA8-7FD4-46AA-A847-C5778BCC391A}
	EndGlobalSection
EndGlobal
